
Microsoft Visual Studio Solution File, Format Version 12.00
# Visual Studio 15
VisualStudioVersion = 15.0.27004.2009
MinimumVisualStudioVersion = 10.0.40219.1
Project("{A07B5EB6-E848-4116-A8D0-A826331D98C6}") = "SFKV", "SFKV\SFKV.sfproj", "{44AF1B93-D05D-4EA7-A3F8-22CF3BF4CC96}"
EndProject
Project("{FAE04EC0-301F-11D3-BF4B-00C04F79EFBC}") = "SFKV.Store", "SFKV.Store\SFKV.Store.csproj", "{C2B21E87-50D0-40E5-A318-A0B992C3C4DA}"
EndProject
Project("{FAE04EC0-301F-11D3-BF4B-00C04F79EFBC}") = "SFKV.Contracts", "SFKV.Contracts\SFKV.Contracts.csproj", "{DE10A55F-C194-4B20-8EDB-326F80B1CDFC}"
EndProject
Global
	GlobalSection(SolutionConfigurationPlatforms) = preSolution
		Debug|Any CPU = Debug|Any CPU
		Debug|x64 = Debug|x64
		Release|Any CPU = Release|Any CPU
		Release|x64 = Release|x64
	EndGlobalSection
	GlobalSection(ProjectConfigurationPlatforms) = postSolution
		{44AF1B93-D05D-4EA7-A3F8-22CF3BF4CC96}.Debug|Any CPU.ActiveCfg = Debug|x64
		{44AF1B93-D05D-4EA7-A3F8-22CF3BF4CC96}.Debug|x64.ActiveCfg = Debug|x64
		{44AF1B93-D05D-4EA7-A3F8-22CF3BF4CC96}.Debug|x64.Build.0 = Debug|x64
		{44AF1B93-D05D-4EA7-A3F8-22CF3BF4CC96}.Debug|x64.Deploy.0 = Debug|x64
		{44AF1B93-D05D-4EA7-A3F8-22CF3BF4CC96}.Release|Any CPU.ActiveCfg = Release|x64
		{44AF1B93-D05D-4EA7-A3F8-22CF3BF4CC96}.Release|x64.ActiveCfg = Release|x64
		{44AF1B93-D05D-4EA7-A3F8-22CF3BF4CC96}.Release|x64.Build.0 = Release|x64
		{44AF1B93-D05D-4EA7-A3F8-22CF3BF4CC96}.Release|x64.Deploy.0 = Release|x64
		{C2B21E87-50D0-40E5-A318-A0B992C3C4DA}.Debug|Any CPU.ActiveCfg = Debug|x64
		{C2B21E87-50D0-40E5-A318-A0B992C3C4DA}.Debug|x64.ActiveCfg = Debug|x64
		{C2B21E87-50D0-40E5-A318-A0B992C3C4DA}.Debug|x64.Build.0 = Debug|x64
		{C2B21E87-50D0-40E5-A318-A0B992C3C4DA}.Release|Any CPU.ActiveCfg = Release|x64
		{C2B21E87-50D0-40E5-A318-A0B992C3C4DA}.Release|x64.ActiveCfg = Release|x64
		{C2B21E87-50D0-40E5-A318-A0B992C3C4DA}.Release|x64.Build.0 = Release|x64
		{DE10A55F-C194-4B20-8EDB-326F80B1CDFC}.Debug|Any CPU.ActiveCfg = Debug|x64
		{DE10A55F-C194-4B20-8EDB-326F80B1CDFC}.Debug|x64.ActiveCfg = Debug|x64
		{DE10A55F-C194-4B20-8EDB-326F80B1CDFC}.Debug|x64.Build.0 = Debug|x64
		{DE10A55F-C194-4B20-8EDB-326F80B1CDFC}.Release|Any CPU.ActiveCfg = Release|x64
		{DE10A55F-C194-4B20-8EDB-326F80B1CDFC}.Release|x64.ActiveCfg = Release|x64
		{DE10A55F-C194-4B20-8EDB-326F80B1CDFC}.Release|x64.Build.0 = Release|x64
	EndGlobalSection
	GlobalSection(SolutionProperties) = preSolution
		HideSolutionNode = FALSE
	EndGlobalSection
	GlobalSection(ExtensibilityGlobals) = postSolution
		SolutionGuid = {AE86DC0F-27D7-47E2-BC8E-CC00022B4397}
	EndGlobalSection
EndGlobal
